
Microsoft Visual Studio Solution File, Format Version 12.00
# Visual Studio Version 17
VisualStudioVersion = 17.0.31903.59
MinimumVisualStudioVersion = 10.0.40219.1
Project("{9A19103F-16F7-4668-BE54-9A1E7A4F7556}") = "duplicate-code", "duplicate-code\duplicate-code.csproj", "{50B7AC61-002E-4414-B1D9-81749A638EBA}"
EndProject
Project("{FAE04EC0-301F-11D3-BF4B-00C04F79EFBC}") = "duplicate-codeTests", "duplicate-codeTests\duplicate-codeTests.csproj", "{76F776F0-26E6-4952-8982-5D1532B62379}"
EndProject
Global
	GlobalSection(SolutionConfigurationPlatforms) = preSolution
		Debug|Any CPU = Debug|Any CPU
		Release|Any CPU = Release|Any CPU
	EndGlobalSection
	GlobalSection(ProjectConfigurationPlatforms) = postSolution
		{50B7AC61-002E-4414-B1D9-81749A638EBA}.Debug|Any CPU.ActiveCfg = Debug|Any CPU
		{50B7AC61-002E-4414-B1D9-81749A638EBA}.Debug|Any CPU.Build.0 = Debug|Any CPU
		{50B7AC61-002E-4414-B1D9-81749A638EBA}.Release|Any CPU.ActiveCfg = Release|Any CPU
		{50B7AC61-002E-4414-B1D9-81749A638EBA}.Release|Any CPU.Build.0 = Release|Any CPU
		{76F776F0-26E6-4952-8982-5D1532B62379}.Debug|Any CPU.ActiveCfg = Debug|Any CPU
		{76F776F0-26E6-4952-8982-5D1532B62379}.Debug|Any CPU.Build.0 = Debug|Any CPU
		{76F776F0-26E6-4952-8982-5D1532B62379}.Release|Any CPU.ActiveCfg = Release|Any CPU
		{76F776F0-26E6-4952-8982-5D1532B62379}.Release|Any CPU.Build.0 = Release|Any CPU
	EndGlobalSection
	GlobalSection(SolutionProperties) = preSolution
		HideSolutionNode = FALSE
	EndGlobalSection
EndGlobal
