
Microsoft Visual Studio Solution File, Format Version 12.00
# Visual Studio Version 17
VisualStudioVersion = 17.0.31903.59
MinimumVisualStudioVersion = 10.0.40219.1
Project("{9A19103F-16F7-4668-BE54-9A1E7A4F7556}") = "database-connection", "database-connection\database-connection.csproj", "{6DDAA76A-037D-41A4-9145-599495EC6FC9}"
EndProject
Project("{9A19103F-16F7-4668-BE54-9A1E7A4F7556}") = "database-connectionTests", "database-connectionTests\database-connectionTests.csproj", "{6F79455C-357F-4F5A-A21E-59CD4B925397}"
EndProject
Global
	GlobalSection(SolutionConfigurationPlatforms) = preSolution
		Debug|Any CPU = Debug|Any CPU
		Release|Any CPU = Release|Any CPU
	EndGlobalSection
	GlobalSection(ProjectConfigurationPlatforms) = postSolution
		{6DDAA76A-037D-41A4-9145-599495EC6FC9}.Debug|Any CPU.ActiveCfg = Debug|Any CPU
		{6DDAA76A-037D-41A4-9145-599495EC6FC9}.Debug|Any CPU.Build.0 = Debug|Any CPU
		{6DDAA76A-037D-41A4-9145-599495EC6FC9}.Release|Any CPU.ActiveCfg = Release|Any CPU
		{6DDAA76A-037D-41A4-9145-599495EC6FC9}.Release|Any CPU.Build.0 = Release|Any CPU
		{6F79455C-357F-4F5A-A21E-59CD4B925397}.Debug|Any CPU.ActiveCfg = Debug|Any CPU
		{6F79455C-357F-4F5A-A21E-59CD4B925397}.Debug|Any CPU.Build.0 = Debug|Any CPU
		{6F79455C-357F-4F5A-A21E-59CD4B925397}.Release|Any CPU.ActiveCfg = Release|Any CPU
		{6F79455C-357F-4F5A-A21E-59CD4B925397}.Release|Any CPU.Build.0 = Release|Any CPU
	EndGlobalSection
	GlobalSection(SolutionProperties) = preSolution
		HideSolutionNode = FALSE
	EndGlobalSection
	GlobalSection(ExtensibilityGlobals) = postSolution
		SolutionGuid = {AA1F19E0-4956-4B28-B1A8-3ECBED80899E}
	EndGlobalSection
EndGlobal
