
Microsoft Visual Studio Solution File, Format Version 12.00
# Visual Studio Version 17
VisualStudioVersion = 17.0.31903.59
MinimumVisualStudioVersion = 10.0.40219.1
Project("{9A19103F-16F7-4668-BE54-9A1E7A4F7556}") = "sumOfEvenNumbers", "sumOfEvenNumbers\sumOfEvenNumbers.csproj", "{FFABDF22-C88D-4CF4-933A-BFE14C3264C5}"
EndProject
Project("{FAE04EC0-301F-11D3-BF4B-00C04F79EFBC}") = "sumOfEvenNumbersTests", "sumOfEvenNumbersTests\sumOfEvenNumbersTests.csproj", "{BFFD9E24-86C8-460D-A19E-3A3851587AD5}"
EndProject
Global
	GlobalSection(SolutionConfigurationPlatforms) = preSolution
		Debug|Any CPU = Debug|Any CPU
		Release|Any CPU = Release|Any CPU
	EndGlobalSection
	GlobalSection(ProjectConfigurationPlatforms) = postSolution
		{FFABDF22-C88D-4CF4-933A-BFE14C3264C5}.Debug|Any CPU.ActiveCfg = Debug|Any CPU
		{FFABDF22-C88D-4CF4-933A-BFE14C3264C5}.Debug|Any CPU.Build.0 = Debug|Any CPU
		{FFABDF22-C88D-4CF4-933A-BFE14C3264C5}.Release|Any CPU.ActiveCfg = Release|Any CPU
		{FFABDF22-C88D-4CF4-933A-BFE14C3264C5}.Release|Any CPU.Build.0 = Release|Any CPU
		{BFFD9E24-86C8-460D-A19E-3A3851587AD5}.Debug|Any CPU.ActiveCfg = Debug|Any CPU
		{BFFD9E24-86C8-460D-A19E-3A3851587AD5}.Debug|Any CPU.Build.0 = Debug|Any CPU
		{BFFD9E24-86C8-460D-A19E-3A3851587AD5}.Release|Any CPU.ActiveCfg = Release|Any CPU
		{BFFD9E24-86C8-460D-A19E-3A3851587AD5}.Release|Any CPU.Build.0 = Release|Any CPU
	EndGlobalSection
	GlobalSection(SolutionProperties) = preSolution
		HideSolutionNode = FALSE
	EndGlobalSection
EndGlobal
